
Microsoft Visual Studio Solution File, Format Version 12.00
# Visual Studio Version 17
VisualStudioVersion = 17.10.35122.118
MinimumVisualStudioVersion = 10.0.40219.1
Project("{FAE04EC0-301F-11D3-BF4B-00C04F79EFBC}") = "HarisWeb", "HarisWeb\HarisWeb.csproj", "{AB5C63DD-B5F9-4B55-9903-D4216B503E2A}"
EndProject
Global
	GlobalSection(SolutionConfigurationPlatforms) = preSolution
		Debug|Any CPU = Debug|Any CPU
		Release|Any CPU = Release|Any CPU
	EndGlobalSection
	GlobalSection(ProjectConfigurationPlatforms) = postSolution
		{AB5C63DD-B5F9-4B55-9903-D4216B503E2A}.Debug|Any CPU.ActiveCfg = Debug|Any CPU
		{AB5C63DD-B5F9-4B55-9903-D4216B503E2A}.Debug|Any CPU.Build.0 = Debug|Any CPU
		{AB5C63DD-B5F9-4B55-9903-D4216B503E2A}.Release|Any CPU.ActiveCfg = Release|Any CPU
		{AB5C63DD-B5F9-4B55-9903-D4216B503E2A}.Release|Any CPU.Build.0 = Release|Any CPU
	EndGlobalSection
	GlobalSection(SolutionProperties) = preSolution
		HideSolutionNode = FALSE
	EndGlobalSection
	GlobalSection(ExtensibilityGlobals) = postSolution
		SolutionGuid = {ADA9C784-1882-4627-903E-851A6B0131A5}
	EndGlobalSection
EndGlobal
